
Microsoft Visual Studio Solution File, Format Version 12.00
# Visual Studio Version 16
VisualStudioVersion = 16.0.30804.86
MinimumVisualStudioVersion = 10.0.40219.1
Project("{FAE04EC0-301F-11D3-BF4B-00C04F79EFBC}") = "TelegramChannelService", "TelegramChannelService\TelegramChannelService.csproj", "{2DC9AA2B-4D6D-47DC-A871-E8CBC9019686}"
EndProject
Global
	GlobalSection(SolutionConfigurationPlatforms) = preSolution
		Debug|Any CPU = Debug|Any CPU
		Release|Any CPU = Release|Any CPU
	EndGlobalSection
	GlobalSection(ProjectConfigurationPlatforms) = postSolution
		{2DC9AA2B-4D6D-47DC-A871-E8CBC9019686}.Debug|Any CPU.ActiveCfg = Debug|Any CPU
		{2DC9AA2B-4D6D-47DC-A871-E8CBC9019686}.Debug|Any CPU.Build.0 = Debug|Any CPU
		{2DC9AA2B-4D6D-47DC-A871-E8CBC9019686}.Release|Any CPU.ActiveCfg = Release|Any CPU
		{2DC9AA2B-4D6D-47DC-A871-E8CBC9019686}.Release|Any CPU.Build.0 = Release|Any CPU
	EndGlobalSection
	GlobalSection(SolutionProperties) = preSolution
		HideSolutionNode = FALSE
	EndGlobalSection
	GlobalSection(ExtensibilityGlobals) = postSolution
		SolutionGuid = {2D724982-9725-4AD4-BDB1-BC464D5785BE}
	EndGlobalSection
EndGlobal
